# This file is automatically @generated by Cargo.
# It is not intended for manual editing.
version = 4

[[package]]
name = "anyhow"
version = "1.0.98"
source = "registry+https://github.com/rust-lang/crates.io-index"
checksum = "e16d2d3311acee920a9eb8d33b8cbc1787ce4a264e85f964c2404b969bdcd487"

[[package]]
name = "dissimilar"
version = "1.0.10"
source = "registry+https://github.com/rust-lang/crates.io-index"
checksum = "8975ffdaa0ef3661bfe02dbdcc06c9f829dfafe6a3c474de366a8d5e44276921"

[[package]]
name = "expect-test"
version = "1.5.1"
source = "registry+https://github.com/rust-lang/crates.io-index"
checksum = "63af43ff4431e848fb47472a920f14fa71c24de13255a5692e93d4e90302acb0"
dependencies = [
 "dissimilar",
 "once_cell",
]

[[package]]
name = "indent"
version = "0.1.1"
source = "registry+https://github.com/rust-lang/crates.io-index"
checksum = "d9f1a0777d972970f204fdf8ef319f1f4f8459131636d7e3c96c5d59570d0fa6"

[[package]]
name = "once_cell"
version = "1.21.3"
source = "registry+https://github.com/rust-lang/crates.io-index"
checksum = "42f5e15c9953c5e4ccceeb2e7382a716482c34515315f7b03532b8b4e8393d2d"

[[package]]
name = "tool-tool-base"
version = "0.2.0"
dependencies = [
 "anyhow",
]

[[package]]
name = "tool-tool-logic"
version = "0.2.0"
dependencies = [
 "expect-test",
 "indent",
 "tool-tool-base",
]

[[package]]
name = "tool-tool-real_adapter"
version = "0.2.0"
dependencies = [
 "tool-tool-base",
 "tool-tool-logic",
]
